
Microsoft Visual Studio Solution File, Format Version 12.00
# Visual Studio Version 16
VisualStudioVersion = 16.0.32630.194
MinimumVisualStudioVersion = 10.0.40219.1
Project("{9A19103F-16F7-4668-BE54-9A1E7A4F7556}") = "SampleAdvertisement.Api", "SampleAdvertisement.Api\SampleAdvertisement.Api.csproj", "{EB60EFD8-9F42-4005-A54E-49568EE9ED36}"
EndProject
Project("{FAE04EC0-301F-11D3-BF4B-00C04F79EFBC}") = "WebCrawling.Service", "WebCrawling.Service\WebCrawling.Service.csproj", "{E88D9376-C221-4D29-B9CC-8B11DDC63C17}"
EndProject
Global
	GlobalSection(SolutionConfigurationPlatforms) = preSolution
		Debug|Any CPU = Debug|Any CPU
		Release|Any CPU = Release|Any CPU
	EndGlobalSection
	GlobalSection(ProjectConfigurationPlatforms) = postSolution
		{EB60EFD8-9F42-4005-A54E-49568EE9ED36}.Debug|Any CPU.ActiveCfg = Debug|Any CPU
		{EB60EFD8-9F42-4005-A54E-49568EE9ED36}.Debug|Any CPU.Build.0 = Debug|Any CPU
		{EB60EFD8-9F42-4005-A54E-49568EE9ED36}.Release|Any CPU.ActiveCfg = Release|Any CPU
		{EB60EFD8-9F42-4005-A54E-49568EE9ED36}.Release|Any CPU.Build.0 = Release|Any CPU
		{E88D9376-C221-4D29-B9CC-8B11DDC63C17}.Debug|Any CPU.ActiveCfg = Debug|Any CPU
		{E88D9376-C221-4D29-B9CC-8B11DDC63C17}.Debug|Any CPU.Build.0 = Debug|Any CPU
		{E88D9376-C221-4D29-B9CC-8B11DDC63C17}.Release|Any CPU.ActiveCfg = Release|Any CPU
		{E88D9376-C221-4D29-B9CC-8B11DDC63C17}.Release|Any CPU.Build.0 = Release|Any CPU
	EndGlobalSection
	GlobalSection(SolutionProperties) = preSolution
		HideSolutionNode = FALSE
	EndGlobalSection
	GlobalSection(ExtensibilityGlobals) = postSolution
		SolutionGuid = {6E3D8413-D664-4222-99AE-D0EB71F0BBEF}
	EndGlobalSection
EndGlobal
